// !$*UTF8*$!
{
	archiveVersion = 1;
	classes = {
	};
	objectVersion = 55;
	objects = {

/* Begin PBXBuildFile section */
		5FFAA19E28D586A900C570D6 /* AppDelegate.swift in Sources */ = {isa = PBXBuildFile; fileRef = 5FFAA19D28D586A900C570D6 /* AppDelegate.swift */; };
		5FFAA1A028D586A900C570D6 /* SceneDelegate.swift in Sources */ = {isa = PBXBuildFile; fileRef = 5FFAA19F28D586A900C570D6 /* SceneDelegate.swift */; };
		5FFAA1A228D586A900C570D6 /* ViewController.swift in Sources */ = {isa = PBXBuildFile; fileRef = 5FFAA1A128D586A900C570D6 /* ViewController.swift */; };
		5FFAA1A528D586A900C570D6 /* Main.storyboard in Resources */ = {isa = PBXBuildFile; fileRef = 5FFAA1A328D586A900C570D6 /* Main.storyboard */; };
		5FFAA1A828D586A900C570D6 /* EmployeeDirectory.xcdatamodeld in Sources */ = {isa = PBXBuildFile; fileRef = 5FFAA1A628D586A900C570D6 /* EmployeeDirectory.xcdatamodeld */; };
		5FFAA1AA28D586AC00C570D6 /* Assets.xcassets in Resources */ = {isa = PBXBuildFile; fileRef = 5FFAA1A928D586AC00C570D6 /* Assets.xcassets */; };
		5FFAA1AD28D586AC00C570D6 /* LaunchScreen.storyboard in Resources */ = {isa = PBXBuildFile; fileRef = 5FFAA1AB28D586AC00C570D6 /* LaunchScreen.storyboard */; };
		5FFAA1B528D5898100C570D6 /* NetworkHandler.swift in Sources */ = {isa = PBXBuildFile; fileRef = 5FFAA1B428D5898100C570D6 /* NetworkHandler.swift */; };
		5FFAA1B728D58AE700C570D6 /* DBManager.swift in Sources */ = {isa = PBXBuildFile; fileRef = 5FFAA1B628D58AE700C570D6 /* DBManager.swift */; };
		5FFAA1B928D59F9500C570D6 /* EmployeeListVC.swift in Sources */ = {isa = PBXBuildFile; fileRef = 5FFAA1B828D59F9500C570D6 /* EmployeeListVC.swift */; };
		5FFAA1BB28D5A1AB00C570D6 /* EmployeeListCell.swift in Sources */ = {isa = PBXBuildFile; fileRef = 5FFAA1BA28D5A1AB00C570D6 /* EmployeeListCell.swift */; };
		5FFAA1BD28D5B42100C570D6 /* employeeDetailVC.swift in Sources */ = {isa = PBXBuildFile; fileRef = 5FFAA1BC28D5B42100C570D6 /* employeeDetailVC.swift */; };
/* End PBXBuildFile section */

/* Begin PBXFileReference section */
		5FFAA19A28D586A900C570D6 /* EmployeeDirectory.app */ = {isa = PBXFileReference; explicitFileType = wrapper.application; includeInIndex = 0; path = EmployeeDirectory.app; sourceTree = BUILT_PRODUCTS_DIR; };
		5FFAA19D28D586A900C570D6 /* AppDelegate.swift */ = {isa = PBXFileReference; lastKnownFileType = sourcecode.swift; path = AppDelegate.swift; sourceTree = "<group>"; };
		5FFAA19F28D586A900C570D6 /* SceneDelegate.swift */ = {isa = PBXFileReference; lastKnownFileType = sourcecode.swift; path = SceneDelegate.swift; sourceTree = "<group>"; };
		5FFAA1A128D586A900C570D6 /* ViewController.swift */ = {isa = PBXFileReference; lastKnownFileType = sourcecode.swift; path = ViewController.swift; sourceTree = "<group>"; };
		5FFAA1A428D586A900C570D6 /* Base */ = {isa = PBXFileReference; lastKnownFileType = file.storyboard; name = Base; path = Base.lproj/Main.storyboard; sourceTree = "<group>"; };
		5FFAA1A728D586A900C570D6 /* EmployeeDirectory.xcdatamodel */ = {isa = PBXFileReference; lastKnownFileType = wrapper.xcdatamodel; path = EmployeeDirectory.xcdatamodel; sourceTree = "<group>"; };
		5FFAA1A928D586AC00C570D6 /* Assets.xcassets */ = {isa = PBXFileReference; lastKnownFileType = folder.assetcatalog; path = Assets.xcassets; sourceTree = "<group>"; };
		5FFAA1AC28D586AC00C570D6 /* Base */ = {isa = PBXFileReference; lastKnownFileType = file.storyboard; name = Base; path = Base.lproj/LaunchScreen.storyboard; sourceTree = "<group>"; };
		5FFAA1AE28D586AC00C570D6 /* Info.plist */ = {isa = PBXFileReference; lastKnownFileType = text.plist.xml; path = Info.plist; sourceTree = "<group>"; };
		5FFAA1B428D5898100C570D6 /* NetworkHandler.swift */ = {isa = PBXFileReference; lastKnownFileType = sourcecode.swift; path = NetworkHandler.swift; sourceTree = "<group>"; };
		5FFAA1B628D58AE700C570D6 /* DBManager.swift */ = {isa = PBXFileReference; lastKnownFileType = sourcecode.swift; path = DBManager.swift; sourceTree = "<group>"; };
		5FFAA1B828D59F9500C570D6 /* EmployeeListVC.swift */ = {isa = PBXFileReference; lastKnownFileType = sourcecode.swift; path = EmployeeListVC.swift; sourceTree = "<group>"; };
		5FFAA1BA28D5A1AB00C570D6 /* EmployeeListCell.swift */ = {isa = PBXFileReference; lastKnownFileType = sourcecode.swift; path = EmployeeListCell.swift; sourceTree = "<group>"; };
		5FFAA1BC28D5B42100C570D6 /* employeeDetailVC.swift */ = {isa = PBXFileReference; lastKnownFileType = sourcecode.swift; path = employeeDetailVC.swift; sourceTree = "<group>"; };
/* End PBXFileReference section */

/* Begin PBXFrameworksBuildPhase section */
		5FFAA19728D586A900C570D6 /* Frameworks */ = {
			isa = PBXFrameworksBuildPhase;
			buildActionMask = 2147483647;
			files = (
			);
			runOnlyForDeploymentPostprocessing = 0;
		};
/* End PBXFrameworksBuildPhase section */

/* Begin PBXGroup section */
		5FFAA19128D586A900C570D6 = {
			isa = PBXGroup;
			children = (
				5FFAA19C28D586A900C570D6 /* EmployeeDirectory */,
				5FFAA19B28D586A900C570D6 /* Products */,
			);
			sourceTree = "<group>";
		};
		5FFAA19B28D586A900C570D6 /* Products */ = {
			isa = PBXGroup;
			children = (
				5FFAA19A28D586A900C570D6 /* EmployeeDirectory.app */,
			);
			name = Products;
			sourceTree = "<group>";
		};
		5FFAA19C28D586A900C570D6 /* EmployeeDirectory */ = {
			isa = PBXGroup;
			children = (
				5FFAA19D28D586A900C570D6 /* AppDelegate.swift */,
				5FFAA19F28D586A900C570D6 /* SceneDelegate.swift */,
				5FFAA1A128D586A900C570D6 /* ViewController.swift */,
				5FFAA1B828D59F9500C570D6 /* EmployeeListVC.swift */,
				5FFAA1BC28D5B42100C570D6 /* employeeDetailVC.swift */,
				5FFAA1BA28D5A1AB00C570D6 /* EmployeeListCell.swift */,
				5FFAA1B628D58AE700C570D6 /* DBManager.swift */,
				5FFAA1B428D5898100C570D6 /* NetworkHandler.swift */,
				5FFAA1A328D586A900C570D6 /* Main.storyboard */,
				5FFAA1A928D586AC00C570D6 /* Assets.xcassets */,
				5FFAA1AB28D586AC00C570D6 /* LaunchScreen.storyboard */,
				5FFAA1AE28D586AC00C570D6 /* Info.plist */,
				5FFAA1A628D586A900C570D6 /* EmployeeDirectory.xcdatamodeld */,
			);
			path = EmployeeDirectory;
			sourceTree = "<group>";
		};
/* End PBXGroup section */

/* Begin PBXNativeTarget section */
		5FFAA19928D586A900C570D6 /* EmployeeDirectory */ = {
			isa = PBXNativeTarget;
			buildConfigurationList = 5FFAA1B128D586AC00C570D6 /* Build configuration list for PBXNativeTarget "EmployeeDirectory" */;
			buildPhases = (
				5FFAA19628D586A900C570D6 /* Sources */,
				5FFAA19728D586A900C570D6 /* Frameworks */,
				5FFAA19828D586A900C570D6 /* Resources */,
			);
			buildRules = (
			);
			dependencies = (
			);
			name = EmployeeDirectory;
			productName = EmployeeDirectory;
			productReference = 5FFAA19A28D586A900C570D6 /* EmployeeDirectory.app */;
			productType = "com.apple.product-type.application";
		};
/* End PBXNativeTarget section */

/* Begin PBXProject section */
		5FFAA19228D586A900C570D6 /* Project object */ = {
			isa = PBXProject;
			attributes = {
				BuildIndependentTargetsInParallel = 1;
				LastSwiftUpdateCheck = 1310;
				LastUpgradeCheck = 1310;
				TargetAttributes = {
					5FFAA19928D586A900C570D6 = {
						CreatedOnToolsVersion = 13.1;
					};
				};
			};
			buildConfigurationList = 5FFAA19528D586A900C570D6 /* Build configuration list for PBXProject "EmployeeDirectory" */;
			compatibilityVersion = "Xcode 13.0";
			developmentRegion = en;
			hasScannedForEncodings = 0;
			knownRegions = (
				en,
				Base,
			);
			mainGroup = 5FFAA19128D586A900C570D6;
			productRefGroup = 5FFAA19B28D586A900C570D6 /* Products */;
			projectDirPath = "";
			projectRoot = "";
			targets = (
				5FFAA19928D586A900C570D6 /* EmployeeDirectory */,
			);
		};
/* End PBXProject section */

/* Begin PBXResourcesBuildPhase section */
		5FFAA19828D586A900C570D6 /* Resources */ = {
			isa = PBXResourcesBuildPhase;
			buildActionMask = 2147483647;
			files = (
				5FFAA1AD28D586AC00C570D6 /* LaunchScreen.storyboard in Resources */,
				5FFAA1AA28D586AC00C570D6 /* Assets.xcassets in Resources */,
				5FFAA1A528D586A900C570D6 /* Main.storyboard in Resources */,
			);
			runOnlyForDeploymentPostprocessing = 0;
		};
/* End PBXResourcesBuildPhase section */

/* Begin PBXSourcesBuildPhase section */
		5FFAA19628D586A900C570D6 /* Sources */ = {
			isa = PBXSourcesBuildPhase;
			buildActionMask = 2147483647;
			files = (
				5FFAA1A228D586A900C570D6 /* ViewController.swift in Sources */,
				5FFAA1BD28D5B42100C570D6 /* employeeDetailVC.swift in Sources */,
				5FFAA1B728D58AE700C570D6 /* DBManager.swift in Sources */,
				5FFAA19E28D586A900C570D6 /* AppDelegate.swift in Sources */,
				5FFAA1A028D586A900C570D6 /* SceneDelegate.swift in Sources */,
				5FFAA1B528D5898100C570D6 /* NetworkHandler.swift in Sources */,
				5FFAA1BB28D5A1AB00C570D6 /* EmployeeListCell.swift in Sources */,
				5FFAA1B928D59F9500C570D6 /* EmployeeListVC.swift in Sources */,
				5FFAA1A828D586A900C570D6 /* EmployeeDirectory.xcdatamodeld in Sources */,
			);
			runOnlyForDeploymentPostprocessing = 0;
		};
/* End PBXSourcesBuildPhase section */

/* Begin PBXVariantGroup section */
		5FFAA1A328D586A900C570D6 /* Main.storyboard */ = {
			isa = PBXVariantGroup;
			children = (
				5FFAA1A428D586A900C570D6 /* Base */,
			);
			name = Main.storyboard;
			sourceTree = "<group>";
		};
		5FFAA1AB28D586AC00C570D6 /* LaunchScreen.storyboard */ = {
			isa = PBXVariantGroup;
			children = (
				5FFAA1AC28D586AC00C570D6 /* Base */,
			);
			name = LaunchScreen.storyboard;
			sourceTree = "<group>";
		};
/* End PBXVariantGroup section */

/* Begin XCBuildConfiguration section */
		5FFAA1AF28D586AC00C570D6 /* Debug */ = {
			isa = XCBuildConfiguration;
			buildSettings = {
				ALWAYS_SEARCH_USER_PATHS = NO;
				CLANG_ANALYZER_NONNULL = YES;
				CLANG_ANALYZER_NUMBER_OBJECT_CONVERSION = YES_AGGRESSIVE;
				CLANG_CXX_LANGUAGE_STANDARD = "gnu++17";
				CLANG_CXX_LIBRARY = "libc++";
				CLANG_ENABLE_MODULES = YES;
				CLANG_ENABLE_OBJC_ARC = YES;
				CLANG_ENABLE_OBJC_WEAK = YES;
				CLANG_WARN_BLOCK_CAPTURE_AUTORELEASING = YES;
				CLANG_WARN_BOOL_CONVERSION = YES;
				CLANG_WARN_COMMA = YES;
				CLANG_WARN_CONSTANT_CONVERSION = YES;
				CLANG_WARN_DEPRECATED_OBJC_IMPLEMENTATIONS = YES;
				CLANG_WARN_DIRECT_OBJC_ISA_USAGE = YES_ERROR;
				CLANG_WARN_DOCUMENTATION_COMMENTS = YES;
				CLANG_WARN_EMPTY_BODY = YES;
				CLANG_WARN_ENUM_CONVERSION = YES;
				CLANG_WARN_INFINITE_RECURSION = YES;
				CLANG_WARN_INT_CONVERSION = YES;
				CLANG_WARN_NON_LITERAL_NULL_CONVERSION = YES;
				CLANG_WARN_OBJC_IMPLICIT_RETAIN_SELF = YES;
				CLANG_WARN_OBJC_LITERAL_CONVERSION = YES;
				CLANG_WARN_OBJC_ROOT_CLASS = YES_ERROR;
				CLANG_WARN_QUOTED_INCLUDE_IN_FRAMEWORK_HEADER = YES;
				CLANG_WARN_RANGE_LOOP_ANALYSIS = YES;
				CLANG_WARN_STRICT_PROTOTYPES = YES;
				CLANG_WARN_SUSPICIOUS_MOVE = YES;
				CLANG_WARN_UNGUARDED_AVAILABILITY = YES_AGGRESSIVE;
				CLANG_WARN_UNREACHABLE_CODE = YES;
				CLANG_WARN__DUPLICATE_METHOD_MATCH = YES;
				COPY_PHASE_STRIP = NO;
				DEBUG_INFORMATION_FORMAT = dwarf;
				ENABLE_STRICT_OBJC_MSGSEND = YES;
				ENABLE_TESTABILITY = YES;
				GCC_C_LANGUAGE_STANDARD = gnu11;
				GCC_DYNAMIC_NO_PIC = NO;
				GCC_NO_COMMON_BLOCKS = YES;
				GCC_OPTIMIZATION_LEVEL = 0;
				GCC_PREPROCESSOR_DEFINITIONS = (
					"DEBUG=1",
					"$(inherited)",
				);
				GCC_WARN_64_TO_32_BIT_CONVERSION = YES;
				GCC_WARN_ABOUT_RETURN_TYPE = YES_ERROR;
				GCC_WARN_UNDECLARED_SELECTOR = YES;
				GCC_WARN_UNINITIALIZED_AUTOS = YES_AGGRESSIVE;
				GCC_WARN_UNUSED_FUNCTION = YES;
				GCC_WARN_UNUSED_VARIABLE = YES;
				IPHONEOS_DEPLOYMENT_TARGET = 15.0;
				MTL_ENABLE_DEBUG_INFO = INCLUDE_SOURCE;
				MTL_FAST_MATH = YES;
				ONLY_ACTIVE_ARCH = YES;
				SDKROOT = iphoneos;
				SWIFT_ACTIVE_COMPILATION_CONDITIONS = DEBUG;
				SWIFT_OPTIMIZATION_LEVEL = "-Onone";
			};
			name = Debug;
		};
		5FFAA1B028D586AC00C570D6 /* Release */ = {
			isa = XCBuildConfiguration;
			buildSettings = {
				ALWAYS_SEARCH_USER_PATHS = NO;
				CLANG_ANALYZER_NONNULL = YES;
				CLANG_ANALYZER_NUMBER_OBJECT_CONVERSION = YES_AGGRESSIVE;
				CLANG_CXX_LANGUAGE_STANDARD = "gnu++17";
				CLANG_CXX_LIBRARY = "libc++";
				CLANG_ENABLE_MODULES = YES;
				CLANG_ENABLE_OBJC_ARC = YES;
				CLANG_ENABLE_OBJC_WEAK = YES;
				CLANG_WARN_BLOCK_CAPTURE_AUTORELEASING = YES;
				CLANG_WARN_BOOL_CONVERSION = YES;
				CLANG_WARN_COMMA = YES;
				CLANG_WARN_CONSTANT_CONVERSION = YES;
				CLANG_WARN_DEPRECATED_OBJC_IMPLEMENTATIONS = YES;
				CLANG_WARN_DIRECT_OBJC_ISA_USAGE = YES_ERROR;
				CLANG_WARN_DOCUMENTATION_COMMENTS = YES;
				CLANG_WARN_EMPTY_BODY = YES;
				CLANG_WARN_ENUM_CONVERSION = YES;
				CLANG_WARN_INFINITE_RECURSION = YES;
				CLANG_WARN_INT_CONVERSION = YES;
				CLANG_WARN_NON_LITERAL_NULL_CONVERSION = YES;
				CLANG_WARN_OBJC_IMPLICIT_RETAIN_SELF = YES;
				CLANG_WARN_OBJC_LITERAL_CONVERSION = YES;
				CLANG_WARN_OBJC_ROOT_CLASS = YES_ERROR;
				CLANG_WARN_QUOTED_INCLUDE_IN_FRAMEWORK_HEADER = YES;
				CLANG_WARN_RANGE_LOOP_ANALYSIS = YES;
				CLANG_WARN_STRICT_PROTOTYPES = YES;
				CLANG_WARN_SUSPICIOUS_MOVE = YES;
				CLANG_WARN_UNGUARDED_AVAILABILITY = YES_AGGRESSIVE;
				CLANG_WARN_UNREACHABLE_CODE = YES;
				CLANG_WARN__DUPLICATE_METHOD_MATCH = YES;
				COPY_PHASE_STRIP = NO;
				DEBUG_INFORMATION_FORMAT = "dwarf-with-dsym";
				ENABLE_NS_ASSERTIONS = NO;
				ENABLE_STRICT_OBJC_MSGSEND = YES;
				GCC_C_LANGUAGE_STANDARD = gnu11;
				GCC_NO_COMMON_BLOCKS = YES;
				GCC_WARN_64_TO_32_BIT_CONVERSION = YES;
				GCC_WARN_ABOUT_RETURN_TYPE = YES_ERROR;
				GCC_WARN_UNDECLARED_SELECTOR = YES;
				GCC_WARN_UNINITIALIZED_AUTOS = YES_AGGRESSIVE;
				GCC_WARN_UNUSED_FUNCTION = YES;
				GCC_WARN_UNUSED_VARIABLE = YES;
				IPHONEOS_DEPLOYMENT_TARGET = 15.0;
				MTL_ENABLE_DEBUG_INFO = NO;
				MTL_FAST_MATH = YES;
				SDKROOT = iphoneos;
				SWIFT_COMPILATION_MODE = wholemodule;
				SWIFT_OPTIMIZATION_LEVEL = "-O";
				VALIDATE_PRODUCT = YES;
			};
			name = Release;
		};
		5FFAA1B228D586AC00C570D6 /* Debug */ = {
			isa = XCBuildConfiguration;
			buildSettings = {
				ASSETCATALOG_COMPILER_APPICON_NAME = AppIcon;
				ASSETCATALOG_COMPILER_GLOBAL_ACCENT_COLOR_NAME = AccentColor;
				CODE_SIGN_STYLE = Automatic;
				CURRENT_PROJECT_VERSION = 1;
				DEVELOPMENT_TEAM = 86637ZX49W;
				GENERATE_INFOPLIST_FILE = YES;
				INFOPLIST_FILE = EmployeeDirectory/Info.plist;
				INFOPLIST_KEY_UIApplicationSupportsIndirectInputEvents = YES;
				INFOPLIST_KEY_UILaunchStoryboardName = LaunchScreen;
				INFOPLIST_KEY_UIMainStoryboardFile = Main;
				INFOPLIST_KEY_UISupportedInterfaceOrientations_iPad = "UIInterfaceOrientationPortrait UIInterfaceOrientationPortraitUpsideDown UIInterfaceOrientationLandscapeLeft UIInterfaceOrientationLandscapeRight";
				INFOPLIST_KEY_UISupportedInterfaceOrientations_iPhone = "UIInterfaceOrientationPortrait UIInterfaceOrientationLandscapeLeft UIInterfaceOrientationLandscapeRight";
				LD_RUNPATH_SEARCH_PATHS = (
					"$(inherited)",
					"@executable_path/Frameworks",
				);
				MARKETING_VERSION = 1.0;
				PRODUCT_BUNDLE_IDENTIFIER = com.scroll.EmployeeDirectory;
				PRODUCT_NAME = "$(TARGET_NAME)";
				SWIFT_EMIT_LOC_STRINGS = YES;
				SWIFT_VERSION = 5.0;
				TARGETED_DEVICE_FAMILY = "1,2";
			};
			name = Debug;
		};
		5FFAA1B328D586AC00C570D6 /* Release */ = {
			isa = XCBuildConfiguration;
			buildSettings = {
				ASSETCATALOG_COMPILER_APPICON_NAME = AppIcon;
				ASSETCATALOG_COMPILER_GLOBAL_ACCENT_COLOR_NAME = AccentColor;
				CODE_SIGN_STYLE = Automatic;
				CURRENT_PROJECT_VERSION = 1;
				DEVELOPMENT_TEAM = 86637ZX49W;
				GENERATE_INFOPLIST_FILE = YES;
				INFOPLIST_FILE = EmployeeDirectory/Info.plist;
				INFOPLIST_KEY_UIApplicationSupportsIndirectInputEvents = YES;
				INFOPLIST_KEY_UILaunchStoryboardName = LaunchScreen;
				INFOPLIST_KEY_UIMainStoryboardFile = Main;
				INFOPLIST_KEY_UISupportedInterfaceOrientations_iPad = "UIInterfaceOrientationPortrait UIInterfaceOrientationPortraitUpsideDown UIInterfaceOrientationLandscapeLeft UIInterfaceOrientationLandscapeRight";
				INFOPLIST_KEY_UISupportedInterfaceOrientations_iPhone = "UIInterfaceOrientationPortrait UIInterfaceOrientationLandscapeLeft UIInterfaceOrientationLandscapeRight";
				LD_RUNPATH_SEARCH_PATHS = (
					"$(inherited)",
					"@executable_path/Frameworks",
				);
				MARKETING_VERSION = 1.0;
				PRODUCT_BUNDLE_IDENTIFIER = com.scroll.EmployeeDirectory;
				PRODUCT_NAME = "$(TARGET_NAME)";
				SWIFT_EMIT_LOC_STRINGS = YES;
				SWIFT_VERSION = 5.0;
				TARGETED_DEVICE_FAMILY = "1,2";
			};
			name = Release;
		};
/* End XCBuildConfiguration section */

/* Begin XCConfigurationList section */
		5FFAA19528D586A900C570D6 /* Build configuration list for PBXProject "EmployeeDirectory" */ = {
			isa = XCConfigurationList;
			buildConfigurations = (
				5FFAA1AF28D586AC00C570D6 /* Debug */,
				5FFAA1B028D586AC00C570D6 /* Release */,
			);
			defaultConfigurationIsVisible = 0;
			defaultConfigurationName = Release;
		};
		5FFAA1B128D586AC00C570D6 /* Build configuration list for PBXNativeTarget "EmployeeDirectory" */ = {
			isa = XCConfigurationList;
			buildConfigurations = (
				5FFAA1B228D586AC00C570D6 /* Debug */,
				5FFAA1B328D586AC00C570D6 /* Release */,
			);
			defaultConfigurationIsVisible = 0;
			defaultConfigurationName = Release;
		};
/* End XCConfigurationList section */

/* Begin XCVersionGroup section */
		5FFAA1A628D586A900C570D6 /* EmployeeDirectory.xcdatamodeld */ = {
			isa = XCVersionGroup;
			children = (
				5FFAA1A728D586A900C570D6 /* EmployeeDirectory.xcdatamodel */,
			);
			currentVersion = 5FFAA1A728D586A900C570D6 /* EmployeeDirectory.xcdatamodel */;
			path = EmployeeDirectory.xcdatamodeld;
			sourceTree = "<group>";
			versionGroupType = wrapper.xcdatamodel;
		};
/* End XCVersionGroup section */
	};
	rootObject = 5FFAA19228D586A900C570D6 /* Project object */;
}
